{
  "version": 4,
  "terraform_version": "1.2.6",
  "serial": 29,
  "lineage": "d0fb0a93-5743-9bdc-3065-9518ec2b8469",
  "outputs": {
    "domain_name": {
      "value": "dev.nginx.com",
      "type": "string"
    },
    "ssh": {
      "value": "ssh nishikantjha0011@34.173.24.88",
      "type": "string"
    }
  },
  "resources": [
    {
      "mode": "data",
      "type": "google_compute_image",
      "name": "debian",
      "provider": "provider[\"registry.terraform.io/hashicorp/google\"]",
      "instances": [
        {
          "schema_version": 0,
          "attributes": {
            "archive_size_bytes": 2897068992,
            "creation_timestamp": "2022-07-12T10:23:25.690-07:00",
            "description": "Canonical, Ubuntu, 20.04 LTS, amd64 focal image built on 2022-07-12, supports Shielded VM features",
            "disk_size_gb": 10,
            "family": "ubuntu-2004-lts",
            "filter": null,
            "id": "projects/ubuntu-os-cloud/global/images/ubuntu-2004-focal-v20220712",
            "image_encryption_key_sha256": "",
            "image_id": "6080967429874258146",
            "label_fingerprint": "42WmSpB8rSM=",
            "labels": {},
            "licenses": [
              "https://www.googleapis.com/compute/v1/projects/ubuntu-os-cloud/global/licenses/ubuntu-2004-lts"
            ],
            "name": "ubuntu-2004-focal-v20220712",
            "project": "ubuntu-os-cloud",
            "self_link": "https://www.googleapis.com/compute/v1/projects/ubuntu-os-cloud/global/images/ubuntu-2004-focal-v20220712",
            "source_disk": "",
            "source_disk_encryption_key_sha256": "",
            "source_disk_id": "",
            "source_image_id": "",
            "status": "READY"
          },
          "sensitive_attributes": []
        }
      ]
    },
    {
      "mode": "data",
      "type": "template_file",
      "name": "nginx",
      "provider": "provider[\"registry.terraform.io/hashicorp/template\"]",
      "instances": [
        {
          "schema_version": 0,
          "attributes": {
            "filename": null,
            "id": "1590d25cb099532bbbff5a7e31f0fa4dc8e3081a1c1e9a43531ce74e31bc9ac6",
            "rendered": "#!/bin/bash\nset -e\necho \"*****    Installing Nginx    *****\"\napt update\napt install -y nginx\nufw allow 'Nginx HTTP'\nsystemctl enable nginx\nsystemctl restart nginx\nsudo snap install core; sudo snap refresh core\nsudo apt-get remove certbot\nsudo snap install --classic certbot\nsudo ln -s /snap/bin/certbot /usr/bin/certbot\nsudo certbot --nginx -n -d dev.nginx.com -d www.dev.nginx.com --redirect --agree-tos --email nishikantjha0011@gmail.com\nsudo systemctl reload nginx\n\n{ echo \"nishikantjha0011 soft nofile 10000\"\n  echo \"nishikantjha0011 hard nofile 10000\"\n} | sudo tee -a /etc/security/limits.conf \u003e /dev/null\n\nsysctl -p\nsudo sh -c \"echo 'worker_rlimit_nofile 10000;' \u003e\u003e /etc/nginx/nginx.conf\"\nsudo sed -i 's/worker_connections 768;/worker_connections 20000;/g' /etc/nginx/nginx.conf \nsudo systemctl restart nginx\n\necho \"*****   Installation Complteted!!   *****\"\n\necho \"Welcome to Google Compute VM Instance deployed using Terraform!!!\" \u003e /var/www/html\n\necho \"*****   Startup script completes!!    *****\"\n",
            "template": "#!/bin/bash\nset -e\necho \"*****    Installing Nginx    *****\"\napt update\napt install -y nginx\nufw allow '${ufw_allow_nginx}'\nsystemctl enable nginx\nsystemctl restart nginx\nsudo snap install core; sudo snap refresh core\nsudo apt-get remove certbot\nsudo snap install --classic certbot\nsudo ln -s /snap/bin/certbot /usr/bin/certbot\nsudo certbot --nginx -n -d dev.nginx.com -d www.dev.nginx.com --redirect --agree-tos --email nishikantjha0011@gmail.com\nsudo systemctl reload nginx\n\n{ echo \"nishikantjha0011 soft nofile 10000\"\n  echo \"nishikantjha0011 hard nofile 10000\"\n} | sudo tee -a /etc/security/limits.conf \u003e /dev/null\n\nsysctl -p\nsudo sh -c \"echo 'worker_rlimit_nofile 10000;' \u003e\u003e /etc/nginx/nginx.conf\"\nsudo sed -i 's/worker_connections 768;/worker_connections 20000;/g' /etc/nginx/nginx.conf \nsudo systemctl restart nginx\n\necho \"*****   Installation Complteted!!   *****\"\n\necho \"Welcome to Google Compute VM Instance deployed using Terraform!!!\" \u003e /var/www/html\n\necho \"*****   Startup script completes!!    *****\"\n",
            "vars": {
              "ufw_allow_nginx": "Nginx HTTP"
            }
          },
          "sensitive_attributes": []
        }
      ]
    },
    {
      "mode": "managed",
      "type": "google_compute_address",
      "name": "static",
      "provider": "provider[\"registry.terraform.io/hashicorp/google\"]",
      "instances": [
        {
          "schema_version": 0,
          "attributes": {
            "address": "34.173.24.88",
            "address_type": "EXTERNAL",
            "creation_timestamp": "2022-07-31T06:39:35.658-07:00",
            "description": "",
            "id": "projects/nginxdev-test/regions/us-central1/addresses/vm-public-address",
            "name": "vm-public-address",
            "network": "",
            "network_tier": "PREMIUM",
            "prefix_length": 0,
            "project": "nginxdev-test",
            "purpose": "",
            "region": "us-central1",
            "self_link": "https://www.googleapis.com/compute/v1/projects/nginxdev-test/regions/us-central1/addresses/vm-public-address",
            "subnetwork": "",
            "timeouts": null,
            "users": [
              "https://www.googleapis.com/compute/v1/projects/nginxdev-test/zones/us-central1-c/instances/nginx-ubuntu"
            ]
          },
          "sensitive_attributes": [],
          "private": "eyJlMmJmYjczMC1lY2FhLTExZTYtOGY4OC0zNDM2M2JjN2M0YzAiOnsiY3JlYXRlIjoxMjAwMDAwMDAwMDAwLCJkZWxldGUiOjEyMDAwMDAwMDAwMDB9fQ==",
          "dependencies": [
            "google_compute_firewall.firewall"
          ]
        }
      ]
    },
    {
      "mode": "managed",
      "type": "google_compute_firewall",
      "name": "firewall",
      "provider": "provider[\"registry.terraform.io/hashicorp/google\"]",
      "instances": [
        {
          "schema_version": 1,
          "attributes": {
            "allow": [
              {
                "ports": [
                  "22"
                ],
                "protocol": "tcp"
              }
            ],
            "creation_timestamp": "2022-07-31T06:39:22.383-07:00",
            "deny": [],
            "description": "",
            "destination_ranges": [],
            "direction": "INGRESS",
            "disabled": false,
            "enable_logging": null,
            "id": "projects/nginxdev-test/global/firewalls/fw-externalssh",
            "log_config": [],
            "name": "fw-externalssh",
            "network": "https://www.googleapis.com/compute/v1/projects/nginxdev-test/global/networks/default",
            "priority": 1000,
            "project": "nginxdev-test",
            "self_link": "https://www.googleapis.com/compute/v1/projects/nginxdev-test/global/firewalls/fw-externalssh",
            "source_ranges": [
              "0.0.0.0/0"
            ],
            "source_service_accounts": [],
            "source_tags": [],
            "target_service_accounts": [],
            "target_tags": [
              "externalssh"
            ],
            "timeouts": null
          },
          "sensitive_attributes": [],
          "private": "eyJlMmJmYjczMC1lY2FhLTExZTYtOGY4OC0zNDM2M2JjN2M0YzAiOnsiY3JlYXRlIjoxMjAwMDAwMDAwMDAwLCJkZWxldGUiOjEyMDAwMDAwMDAwMDAsInVwZGF0ZSI6MTIwMDAwMDAwMDAwMH0sInNjaGVtYV92ZXJzaW9uIjoiMSJ9"
        }
      ]
    },
    {
      "mode": "managed",
      "type": "google_compute_firewall",
      "name": "webserver-fw",
      "provider": "provider[\"registry.terraform.io/hashicorp/google\"]",
      "instances": [
        {
          "schema_version": 1,
          "attributes": {
            "allow": [
              {
                "ports": [
                  "80",
                  "443"
                ],
                "protocol": "tcp"
              }
            ],
            "creation_timestamp": "2022-07-31T06:39:22.385-07:00",
            "deny": [],
            "description": "",
            "destination_ranges": [],
            "direction": "INGRESS",
            "disabled": false,
            "enable_logging": null,
            "id": "projects/nginxdev-test/global/firewalls/http-webserver",
            "log_config": [],
            "name": "http-webserver",
            "network": "https://www.googleapis.com/compute/v1/projects/nginxdev-test/global/networks/default",
            "priority": 1000,
            "project": "nginxdev-test",
            "self_link": "https://www.googleapis.com/compute/v1/projects/nginxdev-test/global/firewalls/http-webserver",
            "source_ranges": [
              "0.0.0.0/0"
            ],
            "source_service_accounts": [],
            "source_tags": [],
            "target_service_accounts": [],
            "target_tags": [
              "webserver"
            ],
            "timeouts": null
          },
          "sensitive_attributes": [],
          "private": "eyJlMmJmYjczMC1lY2FhLTExZTYtOGY4OC0zNDM2M2JjN2M0YzAiOnsiY3JlYXRlIjoxMjAwMDAwMDAwMDAwLCJkZWxldGUiOjEyMDAwMDAwMDAwMDAsInVwZGF0ZSI6MTIwMDAwMDAwMDAwMH0sInNjaGVtYV92ZXJzaW9uIjoiMSJ9"
        }
      ]
    },
    {
      "mode": "managed",
      "type": "google_compute_instance",
      "name": "prod",
      "provider": "provider[\"registry.terraform.io/hashicorp/google\"]",
      "instances": [
        {
          "schema_version": 6,
          "attributes": {
            "advanced_machine_features": [],
            "allow_stopping_for_update": null,
            "attached_disk": [],
            "boot_disk": [
              {
                "auto_delete": true,
                "device_name": "persistent-disk-0",
                "disk_encryption_key_raw": "",
                "disk_encryption_key_sha256": "",
                "initialize_params": [
                  {
                    "image": "https://www.googleapis.com/compute/v1/projects/ubuntu-os-cloud/global/images/ubuntu-2004-focal-v20220712",
                    "labels": {},
                    "size": 10,
                    "type": "pd-standard"
                  }
                ],
                "kms_key_self_link": "",
                "mode": "READ_WRITE",
                "source": "https://www.googleapis.com/compute/v1/projects/nginxdev-test/zones/us-central1-c/disks/nginx-ubuntu"
              }
            ],
            "can_ip_forward": false,
            "confidential_instance_config": [],
            "cpu_platform": "Intel Haswell",
            "current_status": "RUNNING",
            "deletion_protection": false,
            "description": "",
            "desired_status": null,
            "enable_display": false,
            "guest_accelerator": [],
            "hostname": "dev.nginx.com",
            "id": "projects/nginxdev-test/zones/us-central1-c/instances/nginx-ubuntu",
            "instance_id": "5665479444778326207",
            "label_fingerprint": "42WmSpB8rSM=",
            "labels": null,
            "machine_type": "f1-micro",
            "metadata": {
              "ssh-keys": "nishikantjha0011:ssh-rsa AAAAB3NzaC1yc2EAAAADAQABAAACAQCNPZuB1Pr6s/BX/hxY0YMGiNIUAB9NSUdzqr5PnPDV0+PC14oofhHifilB3MUnC8URIN/f7+sW9OWmd4TYlz73an8haXWPaVbt0V2smaWnPQdxctEZObMnS4xSKuQj0DkKzyu/AtkdaCA0fU2JEty5lQfEVyr4dqmS9OZ8IliJVab283iwH/gCTw2knuVqNu/XQojKbcyMn1IJXj8hscb+urcC5r2TSQQBhBHiEv8fpV8SyURM/i9/7BkedQVED7WwMmCduTYveEArBDrf7vjlClf29hX3m3uhP29a60inyJKsoOjB0cFEfhh5FdEyecw5Z+RRjPYAszQr+MlMgQ1WA9Tcx8Wlcs2s0PyKCeIhLxwnBFTTIVbuMiNwOdlDTzeNtUyytZdjnBSxxCDFEjM6RppEuwZvBO0rzhHSqRymafSm6IRRndOGAzB0B38f30UdMzYjoxn8MmXt4r963wp5a82gD6hMDebgIj0u8bSLyoJ6HMs+BEMp1BN9heWd6olPIL7EgG6tRX3W0SAjzVl8ESy8htzBUD/XGx+hU2qtVt7T6f2eLHPMZc/uxSoR6pcPxt2qqTn81yClhEJ/IRGcqGreFrkfTJ6o4y63OMOtHrDuRsrs2iBRozWqxsI+KkBIO0xg6AViGA27YvlXULrVahg2mQV9oeAt3FdS0EINeQ== nishikant@nishikant-ThinkPad-T490\n"
            },
            "metadata_fingerprint": "6aG8QMA3T80=",
            "metadata_startup_script": "#!/bin/bash\nset -e\necho \"*****    Installing Nginx    *****\"\napt update\napt install -y nginx\nufw allow 'Nginx HTTP'\nsystemctl enable nginx\nsystemctl restart nginx\nsudo snap install core; sudo snap refresh core\nsudo apt-get remove certbot\nsudo snap install --classic certbot\nsudo ln -s /snap/bin/certbot /usr/bin/certbot\nsudo certbot --nginx -n -d dev.nginx.com -d www.dev.nginx.com --redirect --agree-tos --email nishikantjha0011@gmail.com\nsudo systemctl reload nginx\n\n{ echo \"nishikantjha0011 soft nofile 10000\"\n  echo \"nishikantjha0011 hard nofile 10000\"\n} | sudo tee -a /etc/security/limits.conf \u003e /dev/null\n\nsysctl -p\nsudo sh -c \"echo 'worker_rlimit_nofile 10000;' \u003e\u003e /etc/nginx/nginx.conf\"\nsudo sed -i 's/worker_connections 768;/worker_connections 20000;/g' /etc/nginx/nginx.conf \nsudo systemctl restart nginx\n\necho \"*****   Installation Complteted!!   *****\"\n\necho \"Welcome to Google Compute VM Instance deployed using Terraform!!!\" \u003e /var/www/html\n\necho \"*****   Startup script completes!!    *****\"\n",
            "min_cpu_platform": "",
            "name": "nginx-ubuntu",
            "network_interface": [
              {
                "access_config": [
                  {
                    "nat_ip": "34.173.24.88",
                    "network_tier": "PREMIUM",
                    "public_ptr_domain_name": ""
                  }
                ],
                "alias_ip_range": [],
                "ipv6_access_config": [],
                "ipv6_access_type": "",
                "name": "nic0",
                "network": "https://www.googleapis.com/compute/v1/projects/nginxdev-test/global/networks/default",
                "network_ip": "10.128.0.7",
                "nic_type": "",
                "queue_count": 0,
                "stack_type": "IPV4_ONLY",
                "subnetwork": "https://www.googleapis.com/compute/v1/projects/nginxdev-test/regions/us-central1/subnetworks/default",
                "subnetwork_project": "nginxdev-test"
              }
            ],
            "project": "nginxdev-test",
            "reservation_affinity": [],
            "resource_policies": null,
            "scheduling": [
              {
                "automatic_restart": true,
                "instance_termination_action": "",
                "min_node_cpus": 0,
                "node_affinities": [],
                "on_host_maintenance": "MIGRATE",
                "preemptible": false,
                "provisioning_model": "STANDARD"
              }
            ],
            "scratch_disk": [],
            "self_link": "https://www.googleapis.com/compute/v1/projects/nginxdev-test/zones/us-central1-c/instances/nginx-ubuntu",
            "service_account": [
              {
                "email": "terraform-account@nginxdev-test.iam.gserviceaccount.com",
                "scopes": [
                  "https://www.googleapis.com/auth/compute.readonly"
                ]
              }
            ],
            "shielded_instance_config": [
              {
                "enable_integrity_monitoring": true,
                "enable_secure_boot": false,
                "enable_vtpm": true
              }
            ],
            "tags": [
              "externalssh",
              "webserver"
            ],
            "tags_fingerprint": "Mh9u1hBHiNA=",
            "timeouts": null,
            "zone": "us-central1-c"
          },
          "sensitive_attributes": [],
          "private": "eyJlMmJmYjczMC1lY2FhLTExZTYtOGY4OC0zNDM2M2JjN2M0YzAiOnsiY3JlYXRlIjoxMjAwMDAwMDAwMDAwLCJkZWxldGUiOjEyMDAwMDAwMDAwMDAsInVwZGF0ZSI6MTIwMDAwMDAwMDAwMH0sInNjaGVtYV92ZXJzaW9uIjoiNiJ9",
          "dependencies": [
            "data.google_compute_image.debian",
            "data.template_file.nginx",
            "google_compute_address.static",
            "google_compute_firewall.firewall",
            "google_compute_firewall.webserver-fw"
          ]
        }
      ]
    },
    {
      "mode": "managed",
      "type": "google_dns_managed_zone",
      "name": "prod",
      "provider": "provider[\"registry.terraform.io/hashicorp/google\"]",
      "instances": [
        {
          "schema_version": 0,
          "attributes": {
            "creation_time": "2022-07-31T13:37:30.581Z",
            "description": "Managed DNS zone",
            "dns_name": "dev.nginx.com.",
            "dnssec_config": [],
            "force_destroy": false,
            "forwarding_config": [],
            "id": "projects/nginxdev-test/managedZones/managed-zone-nginx",
            "labels": {},
            "managed_zone_id": 1316399279445726846,
            "name": "managed-zone-nginx",
            "name_servers": [
              "ns-cloud-e1.googledomains.com.",
              "ns-cloud-e2.googledomains.com.",
              "ns-cloud-e3.googledomains.com.",
              "ns-cloud-e4.googledomains.com."
            ],
            "peering_config": [],
            "private_visibility_config": [],
            "project": "nginxdev-test",
            "timeouts": null,
            "visibility": "public"
          },
          "sensitive_attributes": [],
          "private": "eyJlMmJmYjczMC1lY2FhLTExZTYtOGY4OC0zNDM2M2JjN2M0YzAiOnsiY3JlYXRlIjoxMjAwMDAwMDAwMDAwLCJkZWxldGUiOjEyMDAwMDAwMDAwMDAsInVwZGF0ZSI6MTIwMDAwMDAwMDAwMH19"
        }
      ]
    },
    {
      "mode": "managed",
      "type": "google_dns_record_set",
      "name": "A",
      "provider": "provider[\"registry.terraform.io/hashicorp/google\"]",
      "instances": [
        {
          "schema_version": 0,
          "attributes": {
            "id": "projects/nginxdev-test/managedZones/managed-zone-nginx/rrsets/dev.nginx.com./A",
            "managed_zone": "managed-zone-nginx",
            "name": "dev.nginx.com.",
            "project": "nginxdev-test",
            "routing_policy": [],
            "rrdatas": [
              "34.173.24.88"
            ],
            "ttl": 300,
            "type": "A"
          },
          "sensitive_attributes": [],
          "private": "bnVsbA==",
          "dependencies": [
            "data.google_compute_image.debian",
            "data.template_file.nginx",
            "google_compute_address.static",
            "google_compute_firewall.firewall",
            "google_compute_firewall.webserver-fw",
            "google_compute_instance.prod",
            "google_dns_managed_zone.prod"
          ]
        }
      ]
    },
    {
      "mode": "managed",
      "type": "google_dns_record_set",
      "name": "www",
      "provider": "provider[\"registry.terraform.io/hashicorp/google\"]",
      "instances": [
        {
          "schema_version": 0,
          "attributes": {
            "id": "projects/nginxdev-test/managedZones/managed-zone-nginx/rrsets/www.dev.nginx.com./A",
            "managed_zone": "managed-zone-nginx",
            "name": "www.dev.nginx.com.",
            "project": "nginxdev-test",
            "routing_policy": [],
            "rrdatas": [
              "34.173.24.88"
            ],
            "ttl": 300,
            "type": "A"
          },
          "sensitive_attributes": [],
          "private": "bnVsbA==",
          "dependencies": [
            "data.google_compute_image.debian",
            "data.template_file.nginx",
            "google_compute_address.static",
            "google_compute_firewall.firewall",
            "google_compute_firewall.webserver-fw",
            "google_compute_instance.prod",
            "google_dns_managed_zone.prod"
          ]
        }
      ]
    }
  ]
}
